// !$*UTF8*$!
{
	archiveVersion = 1;
	classes = {
	};
	objectVersion = 50;
	objects = {

/* Begin PBXBuildFile section */
		1883E535210B45B900CB4A21 /* AppDelegate.swift in Sources */ = {isa = PBXBuildFile; fileRef = 1883E534210B45B900CB4A21 /* AppDelegate.swift */; };
		1883E537210B45B900CB4A21 /* ViewController.swift in Sources */ = {isa = PBXBuildFile; fileRef = 1883E536210B45B900CB4A21 /* ViewController.swift */; };
		1883E53A210B45B900CB4A21 /* Main.storyboard in Resources */ = {isa = PBXBuildFile; fileRef = 1883E538210B45B900CB4A21 /* Main.storyboard */; };
		1883E53C210B45B900CB4A21 /* Assets.xcassets in Resources */ = {isa = PBXBuildFile; fileRef = 1883E53B210B45B900CB4A21 /* Assets.xcassets */; };
		1883E53F210B45B900CB4A21 /* LaunchScreen.storyboard in Resources */ = {isa = PBXBuildFile; fileRef = 1883E53D210B45B900CB4A21 /* LaunchScreen.storyboard */; };
		1883E54A210B45BA00CB4A21 /* customProgressBarTests.swift in Sources */ = {isa = PBXBuildFile; fileRef = 1883E549210B45BA00CB4A21 /* customProgressBarTests.swift */; };
		1883E555210B45BA00CB4A21 /* customProgressBarUITests.swift in Sources */ = {isa = PBXBuildFile; fileRef = 1883E554210B45BA00CB4A21 /* customProgressBarUITests.swift */; };
/* End PBXBuildFile section */

/* Begin PBXContainerItemProxy section */
		1883E546210B45BA00CB4A21 /* PBXContainerItemProxy */ = {
			isa = PBXContainerItemProxy;
			containerPortal = 1883E529210B45B900CB4A21 /* Project object */;
			proxyType = 1;
			remoteGlobalIDString = 1883E530210B45B900CB4A21;
			remoteInfo = customProgressBar;
		};
		1883E551210B45BA00CB4A21 /* PBXContainerItemProxy */ = {
			isa = PBXContainerItemProxy;
			containerPortal = 1883E529210B45B900CB4A21 /* Project object */;
			proxyType = 1;
			remoteGlobalIDString = 1883E530210B45B900CB4A21;
			remoteInfo = customProgressBar;
		};
/* End PBXContainerItemProxy section */

/* Begin PBXFileReference section */
		1883E531210B45B900CB4A21 /* customProgressBar.app */ = {isa = PBXFileReference; explicitFileType = wrapper.application; includeInIndex = 0; path = customProgressBar.app; sourceTree = BUILT_PRODUCTS_DIR; };
		1883E534210B45B900CB4A21 /* AppDelegate.swift */ = {isa = PBXFileReference; lastKnownFileType = sourcecode.swift; path = AppDelegate.swift; sourceTree = "<group>"; };
		1883E536210B45B900CB4A21 /* ViewController.swift */ = {isa = PBXFileReference; lastKnownFileType = sourcecode.swift; path = ViewController.swift; sourceTree = "<group>"; };
		1883E539210B45B900CB4A21 /* Base */ = {isa = PBXFileReference; lastKnownFileType = file.storyboard; name = Base; path = Base.lproj/Main.storyboard; sourceTree = "<group>"; };
		1883E53B210B45B900CB4A21 /* Assets.xcassets */ = {isa = PBXFileReference; lastKnownFileType = folder.assetcatalog; path = Assets.xcassets; sourceTree = "<group>"; };
		1883E53E210B45B900CB4A21 /* Base */ = {isa = PBXFileReference; lastKnownFileType = file.storyboard; name = Base; path = Base.lproj/LaunchScreen.storyboard; sourceTree = "<group>"; };
		1883E540210B45B900CB4A21 /* Info.plist */ = {isa = PBXFileReference; lastKnownFileType = text.plist.xml; path = Info.plist; sourceTree = "<group>"; };
		1883E545210B45BA00CB4A21 /* customProgressBarTests.xctest */ = {isa = PBXFileReference; explicitFileType = wrapper.cfbundle; includeInIndex = 0; path = customProgressBarTests.xctest; sourceTree = BUILT_PRODUCTS_DIR; };
		1883E549210B45BA00CB4A21 /* customProgressBarTests.swift */ = {isa = PBXFileReference; lastKnownFileType = sourcecode.swift; path = customProgressBarTests.swift; sourceTree = "<group>"; };
		1883E54B210B45BA00CB4A21 /* Info.plist */ = {isa = PBXFileReference; lastKnownFileType = text.plist.xml; path = Info.plist; sourceTree = "<group>"; };
		1883E550210B45BA00CB4A21 /* customProgressBarUITests.xctest */ = {isa = PBXFileReference; explicitFileType = wrapper.cfbundle; includeInIndex = 0; path = customProgressBarUITests.xctest; sourceTree = BUILT_PRODUCTS_DIR; };
		1883E554210B45BA00CB4A21 /* customProgressBarUITests.swift */ = {isa = PBXFileReference; lastKnownFileType = sourcecode.swift; path = customProgressBarUITests.swift; sourceTree = "<group>"; };
		1883E556210B45BA00CB4A21 /* Info.plist */ = {isa = PBXFileReference; lastKnownFileType = text.plist.xml; path = Info.plist; sourceTree = "<group>"; };
/* End PBXFileReference section */

/* Begin PBXFrameworksBuildPhase section */
		1883E52E210B45B900CB4A21 /* Frameworks */ = {
			isa = PBXFrameworksBuildPhase;
			buildActionMask = 2147483647;
			files = (
			);
			runOnlyForDeploymentPostprocessing = 0;
		};
		1883E542210B45BA00CB4A21 /* Frameworks */ = {
			isa = PBXFrameworksBuildPhase;
			buildActionMask = 2147483647;
			files = (
			);
			runOnlyForDeploymentPostprocessing = 0;
		};
		1883E54D210B45BA00CB4A21 /* Frameworks */ = {
			isa = PBXFrameworksBuildPhase;
			buildActionMask = 2147483647;
			files = (
			);
			runOnlyForDeploymentPostprocessing = 0;
		};
/* End PBXFrameworksBuildPhase section */

/* Begin PBXGroup section */
		1883E528210B45B900CB4A21 = {
			isa = PBXGroup;
			children = (
				1883E533210B45B900CB4A21 /* customProgressBar */,
				1883E548210B45BA00CB4A21 /* customProgressBarTests */,
				1883E553210B45BA00CB4A21 /* customProgressBarUITests */,
				1883E532210B45B900CB4A21 /* Products */,
			);
			sourceTree = "<group>";
		};
		1883E532210B45B900CB4A21 /* Products */ = {
			isa = PBXGroup;
			children = (
				1883E531210B45B900CB4A21 /* customProgressBar.app */,
				1883E545210B45BA00CB4A21 /* customProgressBarTests.xctest */,
				1883E550210B45BA00CB4A21 /* customProgressBarUITests.xctest */,
			);
			name = Products;
			sourceTree = "<group>";
		};
		1883E533210B45B900CB4A21 /* customProgressBar */ = {
			isa = PBXGroup;
			children = (
				1883E534210B45B900CB4A21 /* AppDelegate.swift */,
				1883E536210B45B900CB4A21 /* ViewController.swift */,
				1883E538210B45B900CB4A21 /* Main.storyboard */,
				1883E53B210B45B900CB4A21 /* Assets.xcassets */,
				1883E53D210B45B900CB4A21 /* LaunchScreen.storyboard */,
				1883E540210B45B900CB4A21 /* Info.plist */,
			);
			path = customProgressBar;
			sourceTree = "<group>";
		};
		1883E548210B45BA00CB4A21 /* customProgressBarTests */ = {
			isa = PBXGroup;
			children = (
				1883E549210B45BA00CB4A21 /* customProgressBarTests.swift */,
				1883E54B210B45BA00CB4A21 /* Info.plist */,
			);
			path = customProgressBarTests;
			sourceTree = "<group>";
		};
		1883E553210B45BA00CB4A21 /* customProgressBarUITests */ = {
			isa = PBXGroup;
			children = (
				1883E554210B45BA00CB4A21 /* customProgressBarUITests.swift */,
				1883E556210B45BA00CB4A21 /* Info.plist */,
			);
			path = customProgressBarUITests;
			sourceTree = "<group>";
		};
/* End PBXGroup section */

/* Begin PBXNativeTarget section */
		1883E530210B45B900CB4A21 /* customProgressBar */ = {
			isa = PBXNativeTarget;
			buildConfigurationList = 1883E559210B45BA00CB4A21 /* Build configuration list for PBXNativeTarget "customProgressBar" */;
			buildPhases = (
				1883E52D210B45B900CB4A21 /* Sources */,
				1883E52E210B45B900CB4A21 /* Frameworks */,
				1883E52F210B45B900CB4A21 /* Resources */,
			);
			buildRules = (
			);
			dependencies = (
			);
			name = customProgressBar;
			productName = customProgressBar;
			productReference = 1883E531210B45B900CB4A21 /* customProgressBar.app */;
			productType = "com.apple.product-type.application";
		};
		1883E544210B45BA00CB4A21 /* customProgressBarTests */ = {
			isa = PBXNativeTarget;
			buildConfigurationList = 1883E55C210B45BA00CB4A21 /* Build configuration list for PBXNativeTarget "customProgressBarTests" */;
			buildPhases = (
				1883E541210B45BA00CB4A21 /* Sources */,
				1883E542210B45BA00CB4A21 /* Frameworks */,
				1883E543210B45BA00CB4A21 /* Resources */,
			);
			buildRules = (
			);
			dependencies = (
				1883E547210B45BA00CB4A21 /* PBXTargetDependency */,
			);
			name = customProgressBarTests;
			productName = customProgressBarTests;
			productReference = 1883E545210B45BA00CB4A21 /* customProgressBarTests.xctest */;
			productType = "com.apple.product-type.bundle.unit-test";
		};
		1883E54F210B45BA00CB4A21 /* customProgressBarUITests */ = {
			isa = PBXNativeTarget;
			buildConfigurationList = 1883E55F210B45BA00CB4A21 /* Build configuration list for PBXNativeTarget "customProgressBarUITests" */;
			buildPhases = (
				1883E54C210B45BA00CB4A21 /* Sources */,
				1883E54D210B45BA00CB4A21 /* Frameworks */,
				1883E54E210B45BA00CB4A21 /* Resources */,
			);
			buildRules = (
			);
			dependencies = (
				1883E552210B45BA00CB4A21 /* PBXTargetDependency */,
			);
			name = customProgressBarUITests;
			productName = customProgressBarUITests;
			productReference = 1883E550210B45BA00CB4A21 /* customProgressBarUITests.xctest */;
			productType = "com.apple.product-type.bundle.ui-testing";
		};
/* End PBXNativeTarget section */

/* Begin PBXProject section */
		1883E529210B45B900CB4A21 /* Project object */ = {
			isa = PBXProject;
			attributes = {
				LastSwiftUpdateCheck = 0940;
				LastUpgradeCheck = 0940;
				ORGANIZATIONNAME = Husnain;
				TargetAttributes = {
					1883E530210B45B900CB4A21 = {
						CreatedOnToolsVersion = 9.4.1;
					};
					1883E544210B45BA00CB4A21 = {
						CreatedOnToolsVersion = 9.4.1;
						TestTargetID = 1883E530210B45B900CB4A21;
					};
					1883E54F210B45BA00CB4A21 = {
						CreatedOnToolsVersion = 9.4.1;
						TestTargetID = 1883E530210B45B900CB4A21;
					};
				};
			};
			buildConfigurationList = 1883E52C210B45B900CB4A21 /* Build configuration list for PBXProject "customProgressBar" */;
			compatibilityVersion = "Xcode 9.3";
			developmentRegion = en;
			hasScannedForEncodings = 0;
			knownRegions = (
				en,
				Base,
			);
			mainGroup = 1883E528210B45B900CB4A21;
			productRefGroup = 1883E532210B45B900CB4A21 /* Products */;
			projectDirPath = "";
			projectRoot = "";
			targets = (
				1883E530210B45B900CB4A21 /* customProgressBar */,
				1883E544210B45BA00CB4A21 /* customProgressBarTests */,
				1883E54F210B45BA00CB4A21 /* customProgressBarUITests */,
			);
		};
/* End PBXProject section */

/* Begin PBXResourcesBuildPhase section */
		1883E52F210B45B900CB4A21 /* Resources */ = {
			isa = PBXResourcesBuildPhase;
			buildActionMask = 2147483647;
			files = (
				1883E53F210B45B900CB4A21 /* LaunchScreen.storyboard in Resources */,
				1883E53C210B45B900CB4A21 /* Assets.xcassets in Resources */,
				1883E53A210B45B900CB4A21 /* Main.storyboard in Resources */,
			);
			runOnlyForDeploymentPostprocessing = 0;
		};
		1883E543210B45BA00CB4A21 /* Resources */ = {
			isa = PBXResourcesBuildPhase;
			buildActionMask = 2147483647;
			files = (
			);
			runOnlyForDeploymentPostprocessing = 0;
		};
		1883E54E210B45BA00CB4A21 /* Resources */ = {
			isa = PBXResourcesBuildPhase;
			buildActionMask = 2147483647;
			files = (
			);
			runOnlyForDeploymentPostprocessing = 0;
		};
/* End PBXResourcesBuildPhase section */

/* Begin PBXSourcesBuildPhase section */
		1883E52D210B45B900CB4A21 /* Sources */ = {
			isa = PBXSourcesBuildPhase;
			buildActionMask = 2147483647;
			files = (
				1883E537210B45B900CB4A21 /* ViewController.swift in Sources */,
				1883E535210B45B900CB4A21 /* AppDelegate.swift in Sources */,
			);
			runOnlyForDeploymentPostprocessing = 0;
		};
		1883E541210B45BA00CB4A21 /* Sources */ = {
			isa = PBXSourcesBuildPhase;
			buildActionMask = 2147483647;
			files = (
				1883E54A210B45BA00CB4A21 /* customProgressBarTests.swift in Sources */,
			);
			runOnlyForDeploymentPostprocessing = 0;
		};
		1883E54C210B45BA00CB4A21 /* Sources */ = {
			isa = PBXSourcesBuildPhase;
			buildActionMask = 2147483647;
			files = (
				1883E555210B45BA00CB4A21 /* customProgressBarUITests.swift in Sources */,
			);
			runOnlyForDeploymentPostprocessing = 0;
		};
/* End PBXSourcesBuildPhase section */

/* Begin PBXTargetDependency section */
		1883E547210B45BA00CB4A21 /* PBXTargetDependency */ = {
			isa = PBXTargetDependency;
			target = 1883E530210B45B900CB4A21 /* customProgressBar */;
			targetProxy = 1883E546210B45BA00CB4A21 /* PBXContainerItemProxy */;
		};
		1883E552210B45BA00CB4A21 /* PBXTargetDependency */ = {
			isa = PBXTargetDependency;
			target = 1883E530210B45B900CB4A21 /* customProgressBar */;
			targetProxy = 1883E551210B45BA00CB4A21 /* PBXContainerItemProxy */;
		};
/* End PBXTargetDependency section */

/* Begin PBXVariantGroup section */
		1883E538210B45B900CB4A21 /* Main.storyboard */ = {
			isa = PBXVariantGroup;
			children = (
				1883E539210B45B900CB4A21 /* Base */,
			);
			name = Main.storyboard;
			sourceTree = "<group>";
		};
		1883E53D210B45B900CB4A21 /* LaunchScreen.storyboard */ = {
			isa = PBXVariantGroup;
			children = (
				1883E53E210B45B900CB4A21 /* Base */,
			);
			name = LaunchScreen.storyboard;
			sourceTree = "<group>";
		};
/* End PBXVariantGroup section */

/* Begin XCBuildConfiguration section */
		1883E557210B45BA00CB4A21 /* Debug */ = {
			isa = XCBuildConfiguration;
			buildSettings = {
				ALWAYS_SEARCH_USER_PATHS = NO;
				CLANG_ANALYZER_NONNULL = YES;
				CLANG_ANALYZER_NUMBER_OBJECT_CONVERSION = YES_AGGRESSIVE;
				CLANG_CXX_LANGUAGE_STANDARD = "gnu++14";
				CLANG_CXX_LIBRARY = "libc++";
				CLANG_ENABLE_MODULES = YES;
				CLANG_ENABLE_OBJC_ARC = YES;
				CLANG_ENABLE_OBJC_WEAK = YES;
				CLANG_WARN_BLOCK_CAPTURE_AUTORELEASING = YES;
				CLANG_WARN_BOOL_CONVERSION = YES;
				CLANG_WARN_COMMA = YES;
				CLANG_WARN_CONSTANT_CONVERSION = YES;
				CLANG_WARN_DEPRECATED_OBJC_IMPLEMENTATIONS = YES;
				CLANG_WARN_DIRECT_OBJC_ISA_USAGE = YES_ERROR;
				CLANG_WARN_DOCUMENTATION_COMMENTS = YES;
				CLANG_WARN_EMPTY_BODY = YES;
				CLANG_WARN_ENUM_CONVERSION = YES;
				CLANG_WARN_INFINITE_RECURSION = YES;
				CLANG_WARN_INT_CONVERSION = YES;
				CLANG_WARN_NON_LITERAL_NULL_CONVERSION = YES;
				CLANG_WARN_OBJC_IMPLICIT_RETAIN_SELF = YES;
				CLANG_WARN_OBJC_LITERAL_CONVERSION = YES;
				CLANG_WARN_OBJC_ROOT_CLASS = YES_ERROR;
				CLANG_WARN_RANGE_LOOP_ANALYSIS = YES;
				CLANG_WARN_STRICT_PROTOTYPES = YES;
				CLANG_WARN_SUSPICIOUS_MOVE = YES;
				CLANG_WARN_UNGUARDED_AVAILABILITY = YES_AGGRESSIVE;
				CLANG_WARN_UNREACHABLE_CODE = YES;
				CLANG_WARN__DUPLICATE_METHOD_MATCH = YES;
				CODE_SIGN_IDENTITY = "iPhone Developer";
				COPY_PHASE_STRIP = NO;
				DEBUG_INFORMATION_FORMAT = dwarf;
				ENABLE_STRICT_OBJC_MSGSEND = YES;
				ENABLE_TESTABILITY = YES;
				GCC_C_LANGUAGE_STANDARD = gnu11;
				GCC_DYNAMIC_NO_PIC = NO;
				GCC_NO_COMMON_BLOCKS = YES;
				GCC_OPTIMIZATION_LEVEL = 0;
				GCC_PREPROCESSOR_DEFINITIONS = (
					"DEBUG=1",
					"$(inherited)",
				);
				GCC_WARN_64_TO_32_BIT_CONVERSION = YES;
				GCC_WARN_ABOUT_RETURN_TYPE = YES_ERROR;
				GCC_WARN_UNDECLARED_SELECTOR = YES;
				GCC_WARN_UNINITIALIZED_AUTOS = YES_AGGRESSIVE;
				GCC_WARN_UNUSED_FUNCTION = YES;
				GCC_WARN_UNUSED_VARIABLE = YES;
				IPHONEOS_DEPLOYMENT_TARGET = 11.4;
				MTL_ENABLE_DEBUG_INFO = YES;
				ONLY_ACTIVE_ARCH = YES;
				SDKROOT = iphoneos;
				SWIFT_ACTIVE_COMPILATION_CONDITIONS = DEBUG;
				SWIFT_OPTIMIZATION_LEVEL = "-Onone";
			};
			name = Debug;
		};
		1883E558210B45BA00CB4A21 /* Release */ = {
			isa = XCBuildConfiguration;
			buildSettings = {
				ALWAYS_SEARCH_USER_PATHS = NO;
				CLANG_ANALYZER_NONNULL = YES;
				CLANG_ANALYZER_NUMBER_OBJECT_CONVERSION = YES_AGGRESSIVE;
				CLANG_CXX_LANGUAGE_STANDARD = "gnu++14";
				CLANG_CXX_LIBRARY = "libc++";
				CLANG_ENABLE_MODULES = YES;
				CLANG_ENABLE_OBJC_ARC = YES;
				CLANG_ENABLE_OBJC_WEAK = YES;
				CLANG_WARN_BLOCK_CAPTURE_AUTORELEASING = YES;
				CLANG_WARN_BOOL_CONVERSION = YES;
				CLANG_WARN_COMMA = YES;
				CLANG_WARN_CONSTANT_CONVERSION = YES;
				CLANG_WARN_DEPRECATED_OBJC_IMPLEMENTATIONS = YES;
				CLANG_WARN_DIRECT_OBJC_ISA_USAGE = YES_ERROR;
				CLANG_WARN_DOCUMENTATION_COMMENTS = YES;
				CLANG_WARN_EMPTY_BODY = YES;
				CLANG_WARN_ENUM_CONVERSION = YES;
				CLANG_WARN_INFINITE_RECURSION = YES;
				CLANG_WARN_INT_CONVERSION = YES;
				CLANG_WARN_NON_LITERAL_NULL_CONVERSION = YES;
				CLANG_WARN_OBJC_IMPLICIT_RETAIN_SELF = YES;
				CLANG_WARN_OBJC_LITERAL_CONVERSION = YES;
				CLANG_WARN_OBJC_ROOT_CLASS = YES_ERROR;
				CLANG_WARN_RANGE_LOOP_ANALYSIS = YES;
				CLANG_WARN_STRICT_PROTOTYPES = YES;
				CLANG_WARN_SUSPICIOUS_MOVE = YES;
				CLANG_WARN_UNGUARDED_AVAILABILITY = YES_AGGRESSIVE;
				CLANG_WARN_UNREACHABLE_CODE = YES;
				CLANG_WARN__DUPLICATE_METHOD_MATCH = YES;
				CODE_SIGN_IDENTITY = "iPhone Developer";
				COPY_PHASE_STRIP = NO;
				DEBUG_INFORMATION_FORMAT = "dwarf-with-dsym";
				ENABLE_NS_ASSERTIONS = NO;
				ENABLE_STRICT_OBJC_MSGSEND = YES;
				GCC_C_LANGUAGE_STANDARD = gnu11;
				GCC_NO_COMMON_BLOCKS = YES;
				GCC_WARN_64_TO_32_BIT_CONVERSION = YES;
				GCC_WARN_ABOUT_RETURN_TYPE = YES_ERROR;
				GCC_WARN_UNDECLARED_SELECTOR = YES;
				GCC_WARN_UNINITIALIZED_AUTOS = YES_AGGRESSIVE;
				GCC_WARN_UNUSED_FUNCTION = YES;
				GCC_WARN_UNUSED_VARIABLE = YES;
				IPHONEOS_DEPLOYMENT_TARGET = 11.4;
				MTL_ENABLE_DEBUG_INFO = NO;
				SDKROOT = iphoneos;
				SWIFT_COMPILATION_MODE = wholemodule;
				SWIFT_OPTIMIZATION_LEVEL = "-O";
				VALIDATE_PRODUCT = YES;
			};
			name = Release;
		};
		1883E55A210B45BA00CB4A21 /* Debug */ = {
			isa = XCBuildConfiguration;
			buildSettings = {
				ASSETCATALOG_COMPILER_APPICON_NAME = AppIcon;
				CODE_SIGN_STYLE = Automatic;
				INFOPLIST_FILE = customProgressBar/Info.plist;
				LD_RUNPATH_SEARCH_PATHS = (
					"$(inherited)",
					"@executable_path/Frameworks",
				);
				PRODUCT_BUNDLE_IDENTIFIER = novatoresols.customProgressBar;
				PRODUCT_NAME = "$(TARGET_NAME)";
				SWIFT_VERSION = 4.0;
				TARGETED_DEVICE_FAMILY = "1,2";
			};
			name = Debug;
		};
		1883E55B210B45BA00CB4A21 /* Release */ = {
			isa = XCBuildConfiguration;
			buildSettings = {
				ASSETCATALOG_COMPILER_APPICON_NAME = AppIcon;
				CODE_SIGN_STYLE = Automatic;
				INFOPLIST_FILE = customProgressBar/Info.plist;
				LD_RUNPATH_SEARCH_PATHS = (
					"$(inherited)",
					"@executable_path/Frameworks",
				);
				PRODUCT_BUNDLE_IDENTIFIER = novatoresols.customProgressBar;
				PRODUCT_NAME = "$(TARGET_NAME)";
				SWIFT_VERSION = 4.0;
				TARGETED_DEVICE_FAMILY = "1,2";
			};
			name = Release;
		};
		1883E55D210B45BA00CB4A21 /* Debug */ = {
			isa = XCBuildConfiguration;
			buildSettings = {
				ALWAYS_EMBED_SWIFT_STANDARD_LIBRARIES = YES;
				BUNDLE_LOADER = "$(TEST_HOST)";
				CODE_SIGN_STYLE = Automatic;
				INFOPLIST_FILE = customProgressBarTests/Info.plist;
				LD_RUNPATH_SEARCH_PATHS = (
					"$(inherited)",
					"@executable_path/Frameworks",
					"@loader_path/Frameworks",
				);
				PRODUCT_BUNDLE_IDENTIFIER = novatoresols.customProgressBarTests;
				PRODUCT_NAME = "$(TARGET_NAME)";
				SWIFT_VERSION = 4.0;
				TARGETED_DEVICE_FAMILY = "1,2";
				TEST_HOST = "$(BUILT_PRODUCTS_DIR)/customProgressBar.app/customProgressBar";
			};
			name = Debug;
		};
		1883E55E210B45BA00CB4A21 /* Release */ = {
			isa = XCBuildConfiguration;
			buildSettings = {
				ALWAYS_EMBED_SWIFT_STANDARD_LIBRARIES = YES;
				BUNDLE_LOADER = "$(TEST_HOST)";
				CODE_SIGN_STYLE = Automatic;
				INFOPLIST_FILE = customProgressBarTests/Info.plist;
				LD_RUNPATH_SEARCH_PATHS = (
					"$(inherited)",
					"@executable_path/Frameworks",
					"@loader_path/Frameworks",
				);
				PRODUCT_BUNDLE_IDENTIFIER = novatoresols.customProgressBarTests;
				PRODUCT_NAME = "$(TARGET_NAME)";
				SWIFT_VERSION = 4.0;
				TARGETED_DEVICE_FAMILY = "1,2";
				TEST_HOST = "$(BUILT_PRODUCTS_DIR)/customProgressBar.app/customProgressBar";
			};
			name = Release;
		};
		1883E560210B45BA00CB4A21 /* Debug */ = {
			isa = XCBuildConfiguration;
			buildSettings = {
				ALWAYS_EMBED_SWIFT_STANDARD_LIBRARIES = YES;
				CODE_SIGN_STYLE = Automatic;
				INFOPLIST_FILE = customProgressBarUITests/Info.plist;
				LD_RUNPATH_SEARCH_PATHS = (
					"$(inherited)",
					"@executable_path/Frameworks",
					"@loader_path/Frameworks",
				);
				PRODUCT_BUNDLE_IDENTIFIER = novatoresols.customProgressBarUITests;
				PRODUCT_NAME = "$(TARGET_NAME)";
				SWIFT_VERSION = 4.0;
				TARGETED_DEVICE_FAMILY = "1,2";
				TEST_TARGET_NAME = customProgressBar;
			};
			name = Debug;
		};
		1883E561210B45BA00CB4A21 /* Release */ = {
			isa = XCBuildConfiguration;
			buildSettings = {
				ALWAYS_EMBED_SWIFT_STANDARD_LIBRARIES = YES;
				CODE_SIGN_STYLE = Automatic;
				INFOPLIST_FILE = customProgressBarUITests/Info.plist;
				LD_RUNPATH_SEARCH_PATHS = (
					"$(inherited)",
					"@executable_path/Frameworks",
					"@loader_path/Frameworks",
				);
				PRODUCT_BUNDLE_IDENTIFIER = novatoresols.customProgressBarUITests;
				PRODUCT_NAME = "$(TARGET_NAME)";
				SWIFT_VERSION = 4.0;
				TARGETED_DEVICE_FAMILY = "1,2";
				TEST_TARGET_NAME = customProgressBar;
			};
			name = Release;
		};
/* End XCBuildConfiguration section */

/* Begin XCConfigurationList section */
		1883E52C210B45B900CB4A21 /* Build configuration list for PBXProject "customProgressBar" */ = {
			isa = XCConfigurationList;
			buildConfigurations = (
				1883E557210B45BA00CB4A21 /* Debug */,
				1883E558210B45BA00CB4A21 /* Release */,
			);
			defaultConfigurationIsVisible = 0;
			defaultConfigurationName = Release;
		};
		1883E559210B45BA00CB4A21 /* Build configuration list for PBXNativeTarget "customProgressBar" */ = {
			isa = XCConfigurationList;
			buildConfigurations = (
				1883E55A210B45BA00CB4A21 /* Debug */,
				1883E55B210B45BA00CB4A21 /* Release */,
			);
			defaultConfigurationIsVisible = 0;
			defaultConfigurationName = Release;
		};
		1883E55C210B45BA00CB4A21 /* Build configuration list for PBXNativeTarget "customProgressBarTests" */ = {
			isa = XCConfigurationList;
			buildConfigurations = (
				1883E55D210B45BA00CB4A21 /* Debug */,
				1883E55E210B45BA00CB4A21 /* Release */,
			);
			defaultConfigurationIsVisible = 0;
			defaultConfigurationName = Release;
		};
		1883E55F210B45BA00CB4A21 /* Build configuration list for PBXNativeTarget "customProgressBarUITests" */ = {
			isa = XCConfigurationList;
			buildConfigurations = (
				1883E560210B45BA00CB4A21 /* Debug */,
				1883E561210B45BA00CB4A21 /* Release */,
			);
			defaultConfigurationIsVisible = 0;
			defaultConfigurationName = Release;
		};
/* End XCConfigurationList section */
	};
	rootObject = 1883E529210B45B900CB4A21 /* Project object */;
}
